// !$*UTF8*$!
{
	archiveVersion = 1;
	classes = {
	};
	objectVersion = 56;
	objects = {

/* Begin PBXBuildFile section */
		868D372D2BA0862E00CBBFBB /* ChangeIconAppApp.swift in Sources */ = {isa = PBXBuildFile; fileRef = 868D372C2BA0862E00CBBFBB /* ChangeIconAppApp.swift */; };
		868D372F2BA0862E00CBBFBB /* ContentView.swift in Sources */ = {isa = PBXBuildFile; fileRef = 868D372E2BA0862E00CBBFBB /* ContentView.swift */; };
		868D37312BA0863000CBBFBB /* Assets.xcassets in Resources */ = {isa = PBXBuildFile; fileRef = 868D37302BA0863000CBBFBB /* Assets.xcassets */; };
		868D37342BA0863000CBBFBB /* Preview Assets.xcassets in Resources */ = {isa = PBXBuildFile; fileRef = 868D37332BA0863000CBBFBB /* Preview Assets.xcassets */; };
		868D373C2BA089FB00CBBFBB /* CardView.swift in Sources */ = {isa = PBXBuildFile; fileRef = 868D373B2BA089FB00CBBFBB /* CardView.swift */; };
		868D373F2BA093E600CBBFBB /* ColorExtension.swift in Sources */ = {isa = PBXBuildFile; fileRef = 868D373E2BA093E600CBBFBB /* ColorExtension.swift */; };
		868D37412BA0959D00CBBFBB /* CustomBackgroundView.swift in Sources */ = {isa = PBXBuildFile; fileRef = 868D37402BA0959D00CBBFBB /* CustomBackgroundView.swift */; };
		868D37432BA0A6B300CBBFBB /* CustomButtonView.swift in Sources */ = {isa = PBXBuildFile; fileRef = 868D37422BA0A6B300CBBFBB /* CustomButtonView.swift */; };
/* End PBXBuildFile section */

/* Begin PBXFileReference section */
		868D37292BA0862E00CBBFBB /* ChangeIconApp.app */ = {isa = PBXFileReference; explicitFileType = wrapper.application; includeInIndex = 0; path = ChangeIconApp.app; sourceTree = BUILT_PRODUCTS_DIR; };
		868D372C2BA0862E00CBBFBB /* ChangeIconAppApp.swift */ = {isa = PBXFileReference; lastKnownFileType = sourcecode.swift; path = ChangeIconAppApp.swift; sourceTree = "<group>"; };
		868D372E2BA0862E00CBBFBB /* ContentView.swift */ = {isa = PBXFileReference; lastKnownFileType = sourcecode.swift; path = ContentView.swift; sourceTree = "<group>"; };
		868D37302BA0863000CBBFBB /* Assets.xcassets */ = {isa = PBXFileReference; lastKnownFileType = folder.assetcatalog; path = Assets.xcassets; sourceTree = "<group>"; };
		868D37332BA0863000CBBFBB /* Preview Assets.xcassets */ = {isa = PBXFileReference; lastKnownFileType = folder.assetcatalog; path = "Preview Assets.xcassets"; sourceTree = "<group>"; };
		868D373B2BA089FB00CBBFBB /* CardView.swift */ = {isa = PBXFileReference; lastKnownFileType = sourcecode.swift; path = CardView.swift; sourceTree = "<group>"; };
		868D373E2BA093E600CBBFBB /* ColorExtension.swift */ = {isa = PBXFileReference; lastKnownFileType = sourcecode.swift; path = ColorExtension.swift; sourceTree = "<group>"; };
		868D37402BA0959D00CBBFBB /* CustomBackgroundView.swift */ = {isa = PBXFileReference; lastKnownFileType = sourcecode.swift; path = CustomBackgroundView.swift; sourceTree = "<group>"; };
		868D37422BA0A6B300CBBFBB /* CustomButtonView.swift */ = {isa = PBXFileReference; lastKnownFileType = sourcecode.swift; path = CustomButtonView.swift; sourceTree = "<group>"; };
/* End PBXFileReference section */

/* Begin PBXFrameworksBuildPhase section */
		868D37262BA0862E00CBBFBB /* Frameworks */ = {
			isa = PBXFrameworksBuildPhase;
			buildActionMask = 2147483647;
			files = (
			);
			runOnlyForDeploymentPostprocessing = 0;
		};
/* End PBXFrameworksBuildPhase section */

/* Begin PBXGroup section */
		868D37202BA0862D00CBBFBB = {
			isa = PBXGroup;
			children = (
				868D372B2BA0862E00CBBFBB /* ChangeIconApp */,
				868D372A2BA0862E00CBBFBB /* Products */,
			);
			sourceTree = "<group>";
		};
		868D372A2BA0862E00CBBFBB /* Products */ = {
			isa = PBXGroup;
			children = (
				868D37292BA0862E00CBBFBB /* ChangeIconApp.app */,
			);
			name = Products;
			sourceTree = "<group>";
		};
		868D372B2BA0862E00CBBFBB /* ChangeIconApp */ = {
			isa = PBXGroup;
			children = (
				868D373D2BA093CF00CBBFBB /* Extensions */,
				868D373A2BA089E600CBBFBB /* Views */,
				868D372C2BA0862E00CBBFBB /* ChangeIconAppApp.swift */,
				868D37302BA0863000CBBFBB /* Assets.xcassets */,
				868D37322BA0863000CBBFBB /* Preview Content */,
			);
			path = ChangeIconApp;
			sourceTree = "<group>";
		};
		868D37322BA0863000CBBFBB /* Preview Content */ = {
			isa = PBXGroup;
			children = (
				868D37332BA0863000CBBFBB /* Preview Assets.xcassets */,
			);
			path = "Preview Content";
			sourceTree = "<group>";
		};
		868D373A2BA089E600CBBFBB /* Views */ = {
			isa = PBXGroup;
			children = (
				868D372E2BA0862E00CBBFBB /* ContentView.swift */,
				868D373B2BA089FB00CBBFBB /* CardView.swift */,
				868D37402BA0959D00CBBFBB /* CustomBackgroundView.swift */,
				868D37422BA0A6B300CBBFBB /* CustomButtonView.swift */,
			);
			path = Views;
			sourceTree = "<group>";
		};
		868D373D2BA093CF00CBBFBB /* Extensions */ = {
			isa = PBXGroup;
			children = (
				868D373E2BA093E600CBBFBB /* ColorExtension.swift */,
			);
			path = Extensions;
			sourceTree = "<group>";
		};
/* End PBXGroup section */

/* Begin PBXNativeTarget section */
		868D37282BA0862E00CBBFBB /* ChangeIconApp */ = {
			isa = PBXNativeTarget;
			buildConfigurationList = 868D37372BA0863000CBBFBB /* Build configuration list for PBXNativeTarget "ChangeIconApp" */;
			buildPhases = (
				868D37252BA0862E00CBBFBB /* Sources */,
				868D37262BA0862E00CBBFBB /* Frameworks */,
				868D37272BA0862E00CBBFBB /* Resources */,
			);
			buildRules = (
			);
			dependencies = (
			);
			name = ChangeIconApp;
			productName = ChangeIconApp;
			productReference = 868D37292BA0862E00CBBFBB /* ChangeIconApp.app */;
			productType = "com.apple.product-type.application";
		};
/* End PBXNativeTarget section */

/* Begin PBXProject section */
		868D37212BA0862D00CBBFBB /* Project object */ = {
			isa = PBXProject;
			attributes = {
				BuildIndependentTargetsInParallel = 1;
				LastSwiftUpdateCheck = 1500;
				LastUpgradeCheck = 1500;
				TargetAttributes = {
					868D37282BA0862E00CBBFBB = {
						CreatedOnToolsVersion = 15.0;
					};
				};
			};
			buildConfigurationList = 868D37242BA0862D00CBBFBB /* Build configuration list for PBXProject "ChangeIconApp" */;
			compatibilityVersion = "Xcode 14.0";
			developmentRegion = en;
			hasScannedForEncodings = 0;
			knownRegions = (
				en,
				Base,
			);
			mainGroup = 868D37202BA0862D00CBBFBB;
			productRefGroup = 868D372A2BA0862E00CBBFBB /* Products */;
			projectDirPath = "";
			projectRoot = "";
			targets = (
				868D37282BA0862E00CBBFBB /* ChangeIconApp */,
			);
		};
/* End PBXProject section */

/* Begin PBXResourcesBuildPhase section */
		868D37272BA0862E00CBBFBB /* Resources */ = {
			isa = PBXResourcesBuildPhase;
			buildActionMask = 2147483647;
			files = (
				868D37342BA0863000CBBFBB /* Preview Assets.xcassets in Resources */,
				868D37312BA0863000CBBFBB /* Assets.xcassets in Resources */,
			);
			runOnlyForDeploymentPostprocessing = 0;
		};
/* End PBXResourcesBuildPhase section */

/* Begin PBXSourcesBuildPhase section */
		868D37252BA0862E00CBBFBB /* Sources */ = {
			isa = PBXSourcesBuildPhase;
			buildActionMask = 2147483647;
			files = (
				868D37412BA0959D00CBBFBB /* CustomBackgroundView.swift in Sources */,
				868D372F2BA0862E00CBBFBB /* ContentView.swift in Sources */,
				868D373C2BA089FB00CBBFBB /* CardView.swift in Sources */,
				868D37432BA0A6B300CBBFBB /* CustomButtonView.swift in Sources */,
				868D372D2BA0862E00CBBFBB /* ChangeIconAppApp.swift in Sources */,
				868D373F2BA093E600CBBFBB /* ColorExtension.swift in Sources */,
			);
			runOnlyForDeploymentPostprocessing = 0;
		};
/* End PBXSourcesBuildPhase section */

/* Begin XCBuildConfiguration section */
		868D37352BA0863000CBBFBB /* Debug */ = {
			isa = XCBuildConfiguration;
			buildSettings = {
				ALWAYS_SEARCH_USER_PATHS = NO;
				ASSETCATALOG_COMPILER_GENERATE_SWIFT_ASSET_SYMBOL_EXTENSIONS = YES;
				CLANG_ANALYZER_NONNULL = YES;
				CLANG_ANALYZER_NUMBER_OBJECT_CONVERSION = YES_AGGRESSIVE;
				CLANG_CXX_LANGUAGE_STANDARD = "gnu++20";
				CLANG_ENABLE_MODULES = YES;
				CLANG_ENABLE_OBJC_ARC = YES;
				CLANG_ENABLE_OBJC_WEAK = YES;
				CLANG_WARN_BLOCK_CAPTURE_AUTORELEASING = YES;
				CLANG_WARN_BOOL_CONVERSION = YES;
				CLANG_WARN_COMMA = YES;
				CLANG_WARN_CONSTANT_CONVERSION = YES;
				CLANG_WARN_DEPRECATED_OBJC_IMPLEMENTATIONS = YES;
				CLANG_WARN_DIRECT_OBJC_ISA_USAGE = YES_ERROR;
				CLANG_WARN_DOCUMENTATION_COMMENTS = YES;
				CLANG_WARN_EMPTY_BODY = YES;
				CLANG_WARN_ENUM_CONVERSION = YES;
				CLANG_WARN_INFINITE_RECURSION = YES;
				CLANG_WARN_INT_CONVERSION = YES;
				CLANG_WARN_NON_LITERAL_NULL_CONVERSION = YES;
				CLANG_WARN_OBJC_IMPLICIT_RETAIN_SELF = YES;
				CLANG_WARN_OBJC_LITERAL_CONVERSION = YES;
				CLANG_WARN_OBJC_ROOT_CLASS = YES_ERROR;
				CLANG_WARN_QUOTED_INCLUDE_IN_FRAMEWORK_HEADER = YES;
				CLANG_WARN_RANGE_LOOP_ANALYSIS = YES;
				CLANG_WARN_STRICT_PROTOTYPES = YES;
				CLANG_WARN_SUSPICIOUS_MOVE = YES;
				CLANG_WARN_UNGUARDED_AVAILABILITY = YES_AGGRESSIVE;
				CLANG_WARN_UNREACHABLE_CODE = YES;
				CLANG_WARN__DUPLICATE_METHOD_MATCH = YES;
				COPY_PHASE_STRIP = NO;
				DEBUG_INFORMATION_FORMAT = dwarf;
				ENABLE_STRICT_OBJC_MSGSEND = YES;
				ENABLE_TESTABILITY = YES;
				ENABLE_USER_SCRIPT_SANDBOXING = YES;
				GCC_C_LANGUAGE_STANDARD = gnu17;
				GCC_DYNAMIC_NO_PIC = NO;
				GCC_NO_COMMON_BLOCKS = YES;
				GCC_OPTIMIZATION_LEVEL = 0;
				GCC_PREPROCESSOR_DEFINITIONS = (
					"DEBUG=1",
					"$(inherited)",
				);
				GCC_WARN_64_TO_32_BIT_CONVERSION = YES;
				GCC_WARN_ABOUT_RETURN_TYPE = YES_ERROR;
				GCC_WARN_UNDECLARED_SELECTOR = YES;
				GCC_WARN_UNINITIALIZED_AUTOS = YES_AGGRESSIVE;
				GCC_WARN_UNUSED_FUNCTION = YES;
				GCC_WARN_UNUSED_VARIABLE = YES;
				IPHONEOS_DEPLOYMENT_TARGET = 17.0;
				LOCALIZATION_PREFERS_STRING_CATALOGS = YES;
				MTL_ENABLE_DEBUG_INFO = INCLUDE_SOURCE;
				MTL_FAST_MATH = YES;
				ONLY_ACTIVE_ARCH = YES;
				SDKROOT = iphoneos;
				SWIFT_ACTIVE_COMPILATION_CONDITIONS = "DEBUG $(inherited)";
				SWIFT_OPTIMIZATION_LEVEL = "-Onone";
			};
			name = Debug;
		};
		868D37362BA0863000CBBFBB /* Release */ = {
			isa = XCBuildConfiguration;
			buildSettings = {
				ALWAYS_SEARCH_USER_PATHS = NO;
				ASSETCATALOG_COMPILER_GENERATE_SWIFT_ASSET_SYMBOL_EXTENSIONS = YES;
				CLANG_ANALYZER_NONNULL = YES;
				CLANG_ANALYZER_NUMBER_OBJECT_CONVERSION = YES_AGGRESSIVE;
				CLANG_CXX_LANGUAGE_STANDARD = "gnu++20";
				CLANG_ENABLE_MODULES = YES;
				CLANG_ENABLE_OBJC_ARC = YES;
				CLANG_ENABLE_OBJC_WEAK = YES;
				CLANG_WARN_BLOCK_CAPTURE_AUTORELEASING = YES;
				CLANG_WARN_BOOL_CONVERSION = YES;
				CLANG_WARN_COMMA = YES;
				CLANG_WARN_CONSTANT_CONVERSION = YES;
				CLANG_WARN_DEPRECATED_OBJC_IMPLEMENTATIONS = YES;
				CLANG_WARN_DIRECT_OBJC_ISA_USAGE = YES_ERROR;
				CLANG_WARN_DOCUMENTATION_COMMENTS = YES;
				CLANG_WARN_EMPTY_BODY = YES;
				CLANG_WARN_ENUM_CONVERSION = YES;
				CLANG_WARN_INFINITE_RECURSION = YES;
				CLANG_WARN_INT_CONVERSION = YES;
				CLANG_WARN_NON_LITERAL_NULL_CONVERSION = YES;
				CLANG_WARN_OBJC_IMPLICIT_RETAIN_SELF = YES;
				CLANG_WARN_OBJC_LITERAL_CONVERSION = YES;
				CLANG_WARN_OBJC_ROOT_CLASS = YES_ERROR;
				CLANG_WARN_QUOTED_INCLUDE_IN_FRAMEWORK_HEADER = YES;
				CLANG_WARN_RANGE_LOOP_ANALYSIS = YES;
				CLANG_WARN_STRICT_PROTOTYPES = YES;
				CLANG_WARN_SUSPICIOUS_MOVE = YES;
				CLANG_WARN_UNGUARDED_AVAILABILITY = YES_AGGRESSIVE;
				CLANG_WARN_UNREACHABLE_CODE = YES;
				CLANG_WARN__DUPLICATE_METHOD_MATCH = YES;
				COPY_PHASE_STRIP = NO;
				DEBUG_INFORMATION_FORMAT = "dwarf-with-dsym";
				ENABLE_NS_ASSERTIONS = NO;
				ENABLE_STRICT_OBJC_MSGSEND = YES;
				ENABLE_USER_SCRIPT_SANDBOXING = YES;
				GCC_C_LANGUAGE_STANDARD = gnu17;
				GCC_NO_COMMON_BLOCKS = YES;
				GCC_WARN_64_TO_32_BIT_CONVERSION = YES;
				GCC_WARN_ABOUT_RETURN_TYPE = YES_ERROR;
				GCC_WARN_UNDECLARED_SELECTOR = YES;
				GCC_WARN_UNINITIALIZED_AUTOS = YES_AGGRESSIVE;
				GCC_WARN_UNUSED_FUNCTION = YES;
				GCC_WARN_UNUSED_VARIABLE = YES;
				IPHONEOS_DEPLOYMENT_TARGET = 17.0;
				LOCALIZATION_PREFERS_STRING_CATALOGS = YES;
				MTL_ENABLE_DEBUG_INFO = NO;
				MTL_FAST_MATH = YES;
				SDKROOT = iphoneos;
				SWIFT_COMPILATION_MODE = wholemodule;
				VALIDATE_PRODUCT = YES;
			};
			name = Release;
		};
		868D37382BA0863000CBBFBB /* Debug */ = {
			isa = XCBuildConfiguration;
			buildSettings = {
				ASSETCATALOG_COMPILER_APPICON_NAME = AppIcon;
				ASSETCATALOG_COMPILER_GLOBAL_ACCENT_COLOR_NAME = AccentColor;
				CODE_SIGN_STYLE = Automatic;
				CURRENT_PROJECT_VERSION = 1;
				DEVELOPMENT_ASSET_PATHS = "\"ChangeIconApp/Preview Content\"";
				DEVELOPMENT_TEAM = NFTB3H74LP;
				ENABLE_PREVIEWS = YES;
				GENERATE_INFOPLIST_FILE = YES;
				INFOPLIST_KEY_UIApplicationSceneManifest_Generation = YES;
				INFOPLIST_KEY_UIApplicationSupportsIndirectInputEvents = YES;
				INFOPLIST_KEY_UILaunchScreen_Generation = YES;
				INFOPLIST_KEY_UISupportedInterfaceOrientations_iPad = "UIInterfaceOrientationPortrait UIInterfaceOrientationPortraitUpsideDown UIInterfaceOrientationLandscapeLeft UIInterfaceOrientationLandscapeRight";
				INFOPLIST_KEY_UISupportedInterfaceOrientations_iPhone = "UIInterfaceOrientationPortrait UIInterfaceOrientationLandscapeLeft UIInterfaceOrientationLandscapeRight";
				LD_RUNPATH_SEARCH_PATHS = (
					"$(inherited)",
					"@executable_path/Frameworks",
				);
				MARKETING_VERSION = 1.0;
				PRODUCT_BUNDLE_IDENTIFIER = yeze.apps.ChangeIconApp;
				PRODUCT_NAME = "$(TARGET_NAME)";
				SWIFT_EMIT_LOC_STRINGS = YES;
				SWIFT_VERSION = 5.0;
				TARGETED_DEVICE_FAMILY = "1,2";
			};
			name = Debug;
		};
		868D37392BA0863000CBBFBB /* Release */ = {
			isa = XCBuildConfiguration;
			buildSettings = {
				ASSETCATALOG_COMPILER_APPICON_NAME = AppIcon;
				ASSETCATALOG_COMPILER_GLOBAL_ACCENT_COLOR_NAME = AccentColor;
				CODE_SIGN_STYLE = Automatic;
				CURRENT_PROJECT_VERSION = 1;
				DEVELOPMENT_ASSET_PATHS = "\"ChangeIconApp/Preview Content\"";
				DEVELOPMENT_TEAM = NFTB3H74LP;
				ENABLE_PREVIEWS = YES;
				GENERATE_INFOPLIST_FILE = YES;
				INFOPLIST_KEY_UIApplicationSceneManifest_Generation = YES;
				INFOPLIST_KEY_UIApplicationSupportsIndirectInputEvents = YES;
				INFOPLIST_KEY_UILaunchScreen_Generation = YES;
				INFOPLIST_KEY_UISupportedInterfaceOrientations_iPad = "UIInterfaceOrientationPortrait UIInterfaceOrientationPortraitUpsideDown UIInterfaceOrientationLandscapeLeft UIInterfaceOrientationLandscapeRight";
				INFOPLIST_KEY_UISupportedInterfaceOrientations_iPhone = "UIInterfaceOrientationPortrait UIInterfaceOrientationLandscapeLeft UIInterfaceOrientationLandscapeRight";
				LD_RUNPATH_SEARCH_PATHS = (
					"$(inherited)",
					"@executable_path/Frameworks",
				);
				MARKETING_VERSION = 1.0;
				PRODUCT_BUNDLE_IDENTIFIER = yeze.apps.ChangeIconApp;
				PRODUCT_NAME = "$(TARGET_NAME)";
				SWIFT_EMIT_LOC_STRINGS = YES;
				SWIFT_VERSION = 5.0;
				TARGETED_DEVICE_FAMILY = "1,2";
			};
			name = Release;
		};
/* End XCBuildConfiguration section */

/* Begin XCConfigurationList section */
		868D37242BA0862D00CBBFBB /* Build configuration list for PBXProject "ChangeIconApp" */ = {
			isa = XCConfigurationList;
			buildConfigurations = (
				868D37352BA0863000CBBFBB /* Debug */,
				868D37362BA0863000CBBFBB /* Release */,
			);
			defaultConfigurationIsVisible = 0;
			defaultConfigurationName = Release;
		};
		868D37372BA0863000CBBFBB /* Build configuration list for PBXNativeTarget "ChangeIconApp" */ = {
			isa = XCConfigurationList;
			buildConfigurations = (
				868D37382BA0863000CBBFBB /* Debug */,
				868D37392BA0863000CBBFBB /* Release */,
			);
			defaultConfigurationIsVisible = 0;
			defaultConfigurationName = Release;
		};
/* End XCConfigurationList section */
	};
	rootObject = 868D37212BA0862D00CBBFBB /* Project object */;
}
